
Microsoft Visual Studio Solution File, Format Version 12.00
# Visual Studio Version 16
VisualStudioVersion = 16.0.31515.178
MinimumVisualStudioVersion = 10.0.40219.1
Project("{FAE04EC0-301F-11D3-BF4B-00C04F79EFBC}") = "ClassesScopesMethods", "ClassesScopesMethods\ClassesScopesMethods.csproj", "{CAA2D2B2-C6DC-42BC-B5A6-59DBC1437F5C}"
EndProject
Global
	GlobalSection(SolutionConfigurationPlatforms) = preSolution
		Debug|Any CPU = Debug|Any CPU
		Release|Any CPU = Release|Any CPU
	EndGlobalSection
	GlobalSection(ProjectConfigurationPlatforms) = postSolution
		{CAA2D2B2-C6DC-42BC-B5A6-59DBC1437F5C}.Debug|Any CPU.ActiveCfg = Debug|Any CPU
		{CAA2D2B2-C6DC-42BC-B5A6-59DBC1437F5C}.Debug|Any CPU.Build.0 = Debug|Any CPU
		{CAA2D2B2-C6DC-42BC-B5A6-59DBC1437F5C}.Release|Any CPU.ActiveCfg = Release|Any CPU
		{CAA2D2B2-C6DC-42BC-B5A6-59DBC1437F5C}.Release|Any CPU.Build.0 = Release|Any CPU
	EndGlobalSection
	GlobalSection(SolutionProperties) = preSolution
		HideSolutionNode = FALSE
	EndGlobalSection
	GlobalSection(ExtensibilityGlobals) = postSolution
		SolutionGuid = {C55EE9F1-A397-452C-8B33-3BC5C2ED1752}
	EndGlobalSection
EndGlobal
